
Microsoft Visual Studio Solution File, Format Version 12.00
# Visual Studio 2012
Project("{FAE04EC0-301F-11D3-BF4B-00C04F79EFBC}") = "Mvc.GoogleMaps", "Mvc.GoogleMaps\Mvc.GoogleMaps.csproj", "{6FD5B713-C792-4FD4-A323-65F10F127AC8}"
EndProject
Global
	GlobalSection(SolutionConfigurationPlatforms) = preSolution
		Debug|Any CPU = Debug|Any CPU
		Release|Any CPU = Release|Any CPU
	EndGlobalSection
	GlobalSection(ProjectConfigurationPlatforms) = postSolution
		{6FD5B713-C792-4FD4-A323-65F10F127AC8}.Debug|Any CPU.ActiveCfg = Debug|Any CPU
		{6FD5B713-C792-4FD4-A323-65F10F127AC8}.Debug|Any CPU.Build.0 = Debug|Any CPU
		{6FD5B713-C792-4FD4-A323-65F10F127AC8}.Release|Any CPU.ActiveCfg = Release|Any CPU
		{6FD5B713-C792-4FD4-A323-65F10F127AC8}.Release|Any CPU.Build.0 = Release|Any CPU
	EndGlobalSection
	GlobalSection(SolutionProperties) = preSolution
		HideSolutionNode = FALSE
	EndGlobalSection
EndGlobal
